# This file is automatically @generated by Cargo.
# It is not intended for manual editing.
version = 4

[[package]]
name = "arhanpassant"
version = "0.1.0"

[[package]]
name = "arhanpassant-arena"
version = "0.1.0"
dependencies = [
 "arhanpassant",
]

[[package]]
name = "arhanpassant-wasm"
version = "0.1.0"
dependencies = [
 "arhanpassant",
]
